
Microsoft Visual Studio Solution File, Format Version 12.00
# Visual Studio 15
VisualStudioVersion = 15.0.26730.16
MinimumVisualStudioVersion = 10.0.40219.1
Project("{FAE04EC0-301F-11D3-BF4B-00C04F79EFBC}") = "Interfaces", "Interfaces\Interfaces.csproj", "{ABEB075A-1BC8-48C2-AE48-8FE2A50F3910}"
EndProject
Global
	GlobalSection(SolutionConfigurationPlatforms) = preSolution
		Debug|Any CPU = Debug|Any CPU
		Release|Any CPU = Release|Any CPU
	EndGlobalSection
	GlobalSection(ProjectConfigurationPlatforms) = postSolution
		{ABEB075A-1BC8-48C2-AE48-8FE2A50F3910}.Debug|Any CPU.ActiveCfg = Debug|Any CPU
		{ABEB075A-1BC8-48C2-AE48-8FE2A50F3910}.Debug|Any CPU.Build.0 = Debug|Any CPU
		{ABEB075A-1BC8-48C2-AE48-8FE2A50F3910}.Release|Any CPU.ActiveCfg = Release|Any CPU
		{ABEB075A-1BC8-48C2-AE48-8FE2A50F3910}.Release|Any CPU.Build.0 = Release|Any CPU
	EndGlobalSection
	GlobalSection(SolutionProperties) = preSolution
		HideSolutionNode = FALSE
	EndGlobalSection
	GlobalSection(ExtensibilityGlobals) = postSolution
		SolutionGuid = {14B2827C-9D8D-409A-BF71-CAF2949ACAB5}
	EndGlobalSection
EndGlobal
