
Microsoft Visual Studio Solution File, Format Version 12.00
# Visual Studio 15
VisualStudioVersion = 15.0.26730.15
MinimumVisualStudioVersion = 10.0.40219.1
Project("{FAE04EC0-301F-11D3-BF4B-00C04F79EFBC}") = "Ejercicio 52", "Ejercicio 52\Ejercicio 52.csproj", "{FD77818D-F7AD-46A4-B85C-95229E4439A8}"
EndProject
Global
	GlobalSection(SolutionConfigurationPlatforms) = preSolution
		Debug|Any CPU = Debug|Any CPU
		Release|Any CPU = Release|Any CPU
	EndGlobalSection
	GlobalSection(ProjectConfigurationPlatforms) = postSolution
		{FD77818D-F7AD-46A4-B85C-95229E4439A8}.Debug|Any CPU.ActiveCfg = Debug|Any CPU
		{FD77818D-F7AD-46A4-B85C-95229E4439A8}.Debug|Any CPU.Build.0 = Debug|Any CPU
		{FD77818D-F7AD-46A4-B85C-95229E4439A8}.Release|Any CPU.ActiveCfg = Release|Any CPU
		{FD77818D-F7AD-46A4-B85C-95229E4439A8}.Release|Any CPU.Build.0 = Release|Any CPU
	EndGlobalSection
	GlobalSection(SolutionProperties) = preSolution
		HideSolutionNode = FALSE
	EndGlobalSection
	GlobalSection(ExtensibilityGlobals) = postSolution
		SolutionGuid = {0125795C-D754-43BD-A417-DCE857CC6D2B}
	EndGlobalSection
EndGlobal
