
Microsoft Visual Studio Solution File, Format Version 12.00
# Visual Studio 15
VisualStudioVersion = 15.0.26730.16
MinimumVisualStudioVersion = 10.0.40219.1
Project("{FAE04EC0-301F-11D3-BF4B-00C04F79EFBC}") = "(2016) RSP LAB II", "(2016) RSP LAB II\(2016) RSP LAB II.csproj", "{1651E70E-028E-4265-B595-345EC8C87CB6}"
EndProject
Project("{FAE04EC0-301F-11D3-BF4B-00C04F79EFBC}") = "Entidades", "Entidades\Entidades.csproj", "{7E8601E6-A0B8-4A7B-AD65-1115670EAC38}"
EndProject
Global
	GlobalSection(SolutionConfigurationPlatforms) = preSolution
		Debug|Any CPU = Debug|Any CPU
		Release|Any CPU = Release|Any CPU
	EndGlobalSection
	GlobalSection(ProjectConfigurationPlatforms) = postSolution
		{1651E70E-028E-4265-B595-345EC8C87CB6}.Debug|Any CPU.ActiveCfg = Debug|Any CPU
		{1651E70E-028E-4265-B595-345EC8C87CB6}.Debug|Any CPU.Build.0 = Debug|Any CPU
		{1651E70E-028E-4265-B595-345EC8C87CB6}.Release|Any CPU.ActiveCfg = Release|Any CPU
		{1651E70E-028E-4265-B595-345EC8C87CB6}.Release|Any CPU.Build.0 = Release|Any CPU
		{7E8601E6-A0B8-4A7B-AD65-1115670EAC38}.Debug|Any CPU.ActiveCfg = Debug|Any CPU
		{7E8601E6-A0B8-4A7B-AD65-1115670EAC38}.Debug|Any CPU.Build.0 = Debug|Any CPU
		{7E8601E6-A0B8-4A7B-AD65-1115670EAC38}.Release|Any CPU.ActiveCfg = Release|Any CPU
		{7E8601E6-A0B8-4A7B-AD65-1115670EAC38}.Release|Any CPU.Build.0 = Release|Any CPU
	EndGlobalSection
	GlobalSection(SolutionProperties) = preSolution
		HideSolutionNode = FALSE
	EndGlobalSection
	GlobalSection(ExtensibilityGlobals) = postSolution
		SolutionGuid = {329AD4E7-4F8D-4969-9360-04FBCEE7F76A}
	EndGlobalSection
EndGlobal
