
Microsoft Visual Studio Solution File, Format Version 12.00
# Visual Studio 2012
Project("{FAE04EC0-301F-11D3-BF4B-00C04F79EFBC}") = "Ben.Alejandro.2C.Final", "Ben.Alejandro.2C.Final\Ben.Alejandro.2C.Final.csproj", "{29E07CE0-B741-4208-97A7-39789163551D}"
EndProject
Project("{FAE04EC0-301F-11D3-BF4B-00C04F79EFBC}") = "WindowsFormsApplication1", "WindowsFormsApplication1\WindowsFormsApplication1.csproj", "{C94C40A4-EE08-420C-A0A9-FD78DEC9D366}"
EndProject
Project("{FAE04EC0-301F-11D3-BF4B-00C04F79EFBC}") = "EntidadesPP", "EntidadesPP\EntidadesPP.csproj", "{7BC1E209-86A6-45F1-BA5B-E28C93712F8E}"
EndProject
Global
	GlobalSection(SolutionConfigurationPlatforms) = preSolution
		Debug|Any CPU = Debug|Any CPU
		Release|Any CPU = Release|Any CPU
	EndGlobalSection
	GlobalSection(ProjectConfigurationPlatforms) = postSolution
		{29E07CE0-B741-4208-97A7-39789163551D}.Debug|Any CPU.ActiveCfg = Debug|Any CPU
		{29E07CE0-B741-4208-97A7-39789163551D}.Debug|Any CPU.Build.0 = Debug|Any CPU
		{29E07CE0-B741-4208-97A7-39789163551D}.Release|Any CPU.ActiveCfg = Release|Any CPU
		{29E07CE0-B741-4208-97A7-39789163551D}.Release|Any CPU.Build.0 = Release|Any CPU
		{C94C40A4-EE08-420C-A0A9-FD78DEC9D366}.Debug|Any CPU.ActiveCfg = Debug|Any CPU
		{C94C40A4-EE08-420C-A0A9-FD78DEC9D366}.Debug|Any CPU.Build.0 = Debug|Any CPU
		{C94C40A4-EE08-420C-A0A9-FD78DEC9D366}.Release|Any CPU.ActiveCfg = Release|Any CPU
		{C94C40A4-EE08-420C-A0A9-FD78DEC9D366}.Release|Any CPU.Build.0 = Release|Any CPU
		{7BC1E209-86A6-45F1-BA5B-E28C93712F8E}.Debug|Any CPU.ActiveCfg = Debug|Any CPU
		{7BC1E209-86A6-45F1-BA5B-E28C93712F8E}.Debug|Any CPU.Build.0 = Debug|Any CPU
		{7BC1E209-86A6-45F1-BA5B-E28C93712F8E}.Release|Any CPU.ActiveCfg = Release|Any CPU
		{7BC1E209-86A6-45F1-BA5B-E28C93712F8E}.Release|Any CPU.Build.0 = Release|Any CPU
	EndGlobalSection
	GlobalSection(SolutionProperties) = preSolution
		HideSolutionNode = FALSE
	EndGlobalSection
EndGlobal
